
Microsoft Visual Studio Solution File, Format Version 12.00
# Visual Studio Version 16
VisualStudioVersion = 16.0.30523.141
MinimumVisualStudioVersion = 10.0.40219.1
Project("{FAE04EC0-301F-11D3-BF4B-00C04F79EFBC}") = "Ejercicio 1 - Form", "Ejercicio 1 - Form\Ejercicio 1 - Form.csproj", "{7AB3D8DB-2135-43E0-A598-479A1B71AB41}"
EndProject
Project("{FAE04EC0-301F-11D3-BF4B-00C04F79EFBC}") = "Ejercicio 1", "Prueba\Ejercicio 1.csproj", "{07E531B5-DAEB-4ABF-ADE7-C951EC5AEAB6}"
EndProject
Global
	GlobalSection(SolutionConfigurationPlatforms) = preSolution
		Debug|Any CPU = Debug|Any CPU
		Release|Any CPU = Release|Any CPU
	EndGlobalSection
	GlobalSection(ProjectConfigurationPlatforms) = postSolution
		{7AB3D8DB-2135-43E0-A598-479A1B71AB41}.Debug|Any CPU.ActiveCfg = Debug|Any CPU
		{7AB3D8DB-2135-43E0-A598-479A1B71AB41}.Debug|Any CPU.Build.0 = Debug|Any CPU
		{7AB3D8DB-2135-43E0-A598-479A1B71AB41}.Release|Any CPU.ActiveCfg = Release|Any CPU
		{7AB3D8DB-2135-43E0-A598-479A1B71AB41}.Release|Any CPU.Build.0 = Release|Any CPU
		{07E531B5-DAEB-4ABF-ADE7-C951EC5AEAB6}.Debug|Any CPU.ActiveCfg = Debug|Any CPU
		{07E531B5-DAEB-4ABF-ADE7-C951EC5AEAB6}.Debug|Any CPU.Build.0 = Debug|Any CPU
		{07E531B5-DAEB-4ABF-ADE7-C951EC5AEAB6}.Release|Any CPU.ActiveCfg = Release|Any CPU
		{07E531B5-DAEB-4ABF-ADE7-C951EC5AEAB6}.Release|Any CPU.Build.0 = Release|Any CPU
	EndGlobalSection
	GlobalSection(SolutionProperties) = preSolution
		HideSolutionNode = FALSE
	EndGlobalSection
	GlobalSection(ExtensibilityGlobals) = postSolution
		SolutionGuid = {FEAD0D9E-AFA3-4B32-A870-50E1E3F4629B}
	EndGlobalSection
EndGlobal
